
Microsoft Visual Studio Solution File, Format Version 12.00
# Visual Studio Version 17
VisualStudioVersion = 17.13.35818.85 d17.13
MinimumVisualStudioVersion = 10.0.40219.1
Project("{FAE04EC0-301F-11D3-BF4B-00C04F79EFBC}") = "Atlantik", "Atlantik.csproj", "{133B786A-B85F-4BFF-9759-DC45B73B1572}"
EndProject
Global
	GlobalSection(SolutionConfigurationPlatforms) = preSolution
		Debug|Any CPU = Debug|Any CPU
		Release|Any CPU = Release|Any CPU
	EndGlobalSection
	GlobalSection(ProjectConfigurationPlatforms) = postSolution
		{133B786A-B85F-4BFF-9759-DC45B73B1572}.Debug|Any CPU.ActiveCfg = Debug|Any CPU
		{133B786A-B85F-4BFF-9759-DC45B73B1572}.Debug|Any CPU.Build.0 = Debug|Any CPU
		{133B786A-B85F-4BFF-9759-DC45B73B1572}.Release|Any CPU.ActiveCfg = Release|Any CPU
		{133B786A-B85F-4BFF-9759-DC45B73B1572}.Release|Any CPU.Build.0 = Release|Any CPU
	EndGlobalSection
	GlobalSection(SolutionProperties) = preSolution
		HideSolutionNode = FALSE
	EndGlobalSection
	GlobalSection(ExtensibilityGlobals) = postSolution
		SolutionGuid = {2AAC601B-AC94-4613-BF47-044B43C6D89A}
	EndGlobalSection
EndGlobal
